
Microsoft Visual Studio Solution File, Format Version 12.00
# Visual Studio 15
VisualStudioVersion = 15.0.26430.15
MinimumVisualStudioVersion = 10.0.40219.1
Project("{FAE04EC0-301F-11D3-BF4B-00C04F79EFBC}") = "Quaver.Resources", "Quaver.Resources\Quaver.Resources.csproj", "{511CD203-9C5F-4DAB-9556-437A00796CBB}"
EndProject
Global
	GlobalSection(SolutionConfigurationPlatforms) = preSolution
		Debug|Any CPU = Debug|Any CPU
		Release|Any CPU = Release|Any CPU
	EndGlobalSection
	GlobalSection(ProjectConfigurationPlatforms) = postSolution
		{511CD203-9C5F-4DAB-9556-437A00796CBB}.Debug|Any CPU.ActiveCfg = Debug|Any CPU
		{511CD203-9C5F-4DAB-9556-437A00796CBB}.Debug|Any CPU.Build.0 = Debug|Any CPU
		{511CD203-9C5F-4DAB-9556-437A00796CBB}.Release|Any CPU.ActiveCfg = Release|Any CPU
		{511CD203-9C5F-4DAB-9556-437A00796CBB}.Release|Any CPU.Build.0 = Release|Any CPU
	EndGlobalSection
	GlobalSection(SolutionProperties) = preSolution
		HideSolutionNode = FALSE
	EndGlobalSection
EndGlobal
